
Microsoft Visual Studio Solution File, Format Version 12.00
# Visual Studio Version 17
VisualStudioVersion = 17.0.31919.166
MinimumVisualStudioVersion = 10.0.40219.1
Project("{FAE04EC0-301F-11D3-BF4B-00C04F79EFBC}") = "ShippingApp", "ShippingApp\ShippingApp.csproj", "{094F5A22-1485-4F84-921E-CD4B9CD0E175}"
EndProject
Global
	GlobalSection(SolutionConfigurationPlatforms) = preSolution
		Debug|Any CPU = Debug|Any CPU
		Release|Any CPU = Release|Any CPU
	EndGlobalSection
	GlobalSection(ProjectConfigurationPlatforms) = postSolution
		{094F5A22-1485-4F84-921E-CD4B9CD0E175}.Debug|Any CPU.ActiveCfg = Debug|Any CPU
		{094F5A22-1485-4F84-921E-CD4B9CD0E175}.Debug|Any CPU.Build.0 = Debug|Any CPU
		{094F5A22-1485-4F84-921E-CD4B9CD0E175}.Release|Any CPU.ActiveCfg = Release|Any CPU
		{094F5A22-1485-4F84-921E-CD4B9CD0E175}.Release|Any CPU.Build.0 = Release|Any CPU
	EndGlobalSection
	GlobalSection(SolutionProperties) = preSolution
		HideSolutionNode = FALSE
	EndGlobalSection
	GlobalSection(ExtensibilityGlobals) = postSolution
		SolutionGuid = {C5FA6A7E-F2CF-499E-B03C-9BEA7948A61A}
	EndGlobalSection
EndGlobal
